
Microsoft Visual Studio Solution File, Format Version 12.00
# Visual Studio Version 17
VisualStudioVersion = 17.7.34009.444
MinimumVisualStudioVersion = 10.0.40219.1
Project("{FAE04EC0-301F-11D3-BF4B-00C04F79EFBC}") = "Logica", "Logica\Logica.csproj", "{5DB5231F-7D84-4828-94FA-D2DBA34D17F3}"
EndProject
Project("{FAE04EC0-301F-11D3-BF4B-00C04F79EFBC}") = "Modelos", "Datos\Modelos.csproj", "{1E2F9DDD-AFF6-4F42-A06B-0F75CA37C5E1}"
EndProject
Project("{FAE04EC0-301F-11D3-BF4B-00C04F79EFBC}") = "BD", "BD\BD.csproj", "{D01DEC6A-F7A4-4787-97F7-40FC0FE00CC3}"
EndProject
Project("{FAE04EC0-301F-11D3-BF4B-00C04F79EFBC}") = "Vista", "WindowsFormsApp1\Vista.csproj", "{E0DBF278-78DA-41B7-8742-A40E7ECE7BBC}"
EndProject
Global
	GlobalSection(SolutionConfigurationPlatforms) = preSolution
		Debug|Any CPU = Debug|Any CPU
		Release|Any CPU = Release|Any CPU
	EndGlobalSection
	GlobalSection(ProjectConfigurationPlatforms) = postSolution
		{5DB5231F-7D84-4828-94FA-D2DBA34D17F3}.Debug|Any CPU.ActiveCfg = Debug|Any CPU
		{5DB5231F-7D84-4828-94FA-D2DBA34D17F3}.Debug|Any CPU.Build.0 = Debug|Any CPU
		{5DB5231F-7D84-4828-94FA-D2DBA34D17F3}.Release|Any CPU.ActiveCfg = Release|Any CPU
		{5DB5231F-7D84-4828-94FA-D2DBA34D17F3}.Release|Any CPU.Build.0 = Release|Any CPU
		{1E2F9DDD-AFF6-4F42-A06B-0F75CA37C5E1}.Debug|Any CPU.ActiveCfg = Debug|Any CPU
		{1E2F9DDD-AFF6-4F42-A06B-0F75CA37C5E1}.Debug|Any CPU.Build.0 = Debug|Any CPU
		{1E2F9DDD-AFF6-4F42-A06B-0F75CA37C5E1}.Release|Any CPU.ActiveCfg = Release|Any CPU
		{1E2F9DDD-AFF6-4F42-A06B-0F75CA37C5E1}.Release|Any CPU.Build.0 = Release|Any CPU
		{D01DEC6A-F7A4-4787-97F7-40FC0FE00CC3}.Debug|Any CPU.ActiveCfg = Debug|Any CPU
		{D01DEC6A-F7A4-4787-97F7-40FC0FE00CC3}.Debug|Any CPU.Build.0 = Debug|Any CPU
		{D01DEC6A-F7A4-4787-97F7-40FC0FE00CC3}.Release|Any CPU.ActiveCfg = Release|Any CPU
		{D01DEC6A-F7A4-4787-97F7-40FC0FE00CC3}.Release|Any CPU.Build.0 = Release|Any CPU
		{E0DBF278-78DA-41B7-8742-A40E7ECE7BBC}.Debug|Any CPU.ActiveCfg = Debug|Any CPU
		{E0DBF278-78DA-41B7-8742-A40E7ECE7BBC}.Debug|Any CPU.Build.0 = Debug|Any CPU
		{E0DBF278-78DA-41B7-8742-A40E7ECE7BBC}.Release|Any CPU.ActiveCfg = Release|Any CPU
		{E0DBF278-78DA-41B7-8742-A40E7ECE7BBC}.Release|Any CPU.Build.0 = Release|Any CPU
	EndGlobalSection
	GlobalSection(SolutionProperties) = preSolution
		HideSolutionNode = FALSE
	EndGlobalSection
	GlobalSection(ExtensibilityGlobals) = postSolution
		SolutionGuid = {0DA118D9-E507-40FE-837C-B5633BA0463F}
	EndGlobalSection
EndGlobal
